
Microsoft Visual Studio Solution File, Format Version 12.00
# Visual Studio Version 16
VisualStudioVersion = 16.0.809.2
MinimumVisualStudioVersion = 10.0.40219.1
Project("{FAE04EC0-301F-11D3-BF4B-00C04F79EFBC}") = "Pertemuan6", "Pertemuan6\Pertemuan6.csproj", "{78165C46-2B8B-4B8A-9A5C-AAA164D78D94}"
EndProject
Global
	GlobalSection(SolutionConfigurationPlatforms) = preSolution
		Debug|Any CPU = Debug|Any CPU
		Release|Any CPU = Release|Any CPU
	EndGlobalSection
	GlobalSection(ProjectConfigurationPlatforms) = postSolution
		{78165C46-2B8B-4B8A-9A5C-AAA164D78D94}.Debug|Any CPU.ActiveCfg = Debug|Any CPU
		{78165C46-2B8B-4B8A-9A5C-AAA164D78D94}.Debug|Any CPU.Build.0 = Debug|Any CPU
		{78165C46-2B8B-4B8A-9A5C-AAA164D78D94}.Release|Any CPU.ActiveCfg = Release|Any CPU
		{78165C46-2B8B-4B8A-9A5C-AAA164D78D94}.Release|Any CPU.Build.0 = Release|Any CPU
	EndGlobalSection
	GlobalSection(SolutionProperties) = preSolution
		HideSolutionNode = FALSE
	EndGlobalSection
	GlobalSection(ExtensibilityGlobals) = postSolution
		SolutionGuid = {BE61482D-8139-496C-B869-22E60B3CEC09}
	EndGlobalSection
EndGlobal
